<Solution>
  <Folder Name="/src/">
    <Project Path="src/VelaCommerce.Api/VelaCommerce.Api.csproj" />
    <Project Path="src/VelaCommerce.Domain/VelaCommerce.Domain.csproj" />
    <Project Path="src/VelaCommerce.Infrastructure/VelaCommerce.Infrastructure.csproj" />
  </Folder>
  <Folder Name="/tests/">
    <Project Path="tests/VelaCommerce.Architecture.Tests/VelaCommerce.Architecture.Tests.csproj" />
    <Project Path="tests/VelaCommerce.Domain.Tests/VelaCommerce.Domain.Tests.csproj" />
    <Project Path="tests/VelaCommerce.Integration.Tests/VelaCommerce.Integration.Tests.csproj" />
  </Folder>
  <Folder Name="/tools/">
    <Project Path="tools/VelaCommerce.SeedGen/VelaCommerce.SeedGen.csproj" />
  </Folder>
</Solution>
